
Microsoft Visual Studio Solution File, Format Version 12.00
Project("{FAE04EC0-301F-11D3-BF4B-00C04F79EFBC}") = "Preloader", "Preloader\Preloader.csproj", "{02BF91F3-62FC-4906-BE60-AF222C1B6CED}"
EndProject
Project("{FAE04EC0-301F-11D3-BF4B-00C04F79EFBC}") = "PreloadBaseline", "PreloadBaseline\PreloadBaseline.csproj", "{F5082FE8-938D-47E9-A695-E88B1414B236}"
EndProject
Project("{FAE04EC0-301F-11D3-BF4B-00C04F79EFBC}") = "Benchmarks", "Benchmarks\Benchmarks.csproj", "{EC0CF4D9-CB9A-486F-AC4E-F9406125896B}"
EndProject
Project("{FAE04EC0-301F-11D3-BF4B-00C04F79EFBC}") = "Version1", "Version1\Version1.csproj", "{1C03E814-9E82-4650-83D5-F58E0700ED1A}"
EndProject
Project("{FAE04EC0-301F-11D3-BF4B-00C04F79EFBC}") = "CreateGnomadVersion1", "CreateGnomadVersion1\CreateGnomadVersion1.csproj", "{5BCC9564-320F-42EB-ABF7-CE8228DA3DF1}"
EndProject
Global
	GlobalSection(SolutionConfigurationPlatforms) = preSolution
		Debug|Any CPU = Debug|Any CPU
		Release|Any CPU = Release|Any CPU
	EndGlobalSection
	GlobalSection(ProjectConfigurationPlatforms) = postSolution
		{02BF91F3-62FC-4906-BE60-AF222C1B6CED}.Debug|Any CPU.ActiveCfg = Debug|Any CPU
		{02BF91F3-62FC-4906-BE60-AF222C1B6CED}.Debug|Any CPU.Build.0 = Debug|Any CPU
		{02BF91F3-62FC-4906-BE60-AF222C1B6CED}.Release|Any CPU.ActiveCfg = Release|Any CPU
		{02BF91F3-62FC-4906-BE60-AF222C1B6CED}.Release|Any CPU.Build.0 = Release|Any CPU
		{F5082FE8-938D-47E9-A695-E88B1414B236}.Debug|Any CPU.ActiveCfg = Debug|Any CPU
		{F5082FE8-938D-47E9-A695-E88B1414B236}.Debug|Any CPU.Build.0 = Debug|Any CPU
		{F5082FE8-938D-47E9-A695-E88B1414B236}.Release|Any CPU.ActiveCfg = Release|Any CPU
		{F5082FE8-938D-47E9-A695-E88B1414B236}.Release|Any CPU.Build.0 = Release|Any CPU
		{EC0CF4D9-CB9A-486F-AC4E-F9406125896B}.Debug|Any CPU.ActiveCfg = Debug|Any CPU
		{EC0CF4D9-CB9A-486F-AC4E-F9406125896B}.Debug|Any CPU.Build.0 = Debug|Any CPU
		{EC0CF4D9-CB9A-486F-AC4E-F9406125896B}.Release|Any CPU.ActiveCfg = Release|Any CPU
		{EC0CF4D9-CB9A-486F-AC4E-F9406125896B}.Release|Any CPU.Build.0 = Release|Any CPU
		{1C03E814-9E82-4650-83D5-F58E0700ED1A}.Debug|Any CPU.ActiveCfg = Debug|Any CPU
		{1C03E814-9E82-4650-83D5-F58E0700ED1A}.Debug|Any CPU.Build.0 = Debug|Any CPU
		{1C03E814-9E82-4650-83D5-F58E0700ED1A}.Release|Any CPU.ActiveCfg = Release|Any CPU
		{1C03E814-9E82-4650-83D5-F58E0700ED1A}.Release|Any CPU.Build.0 = Release|Any CPU
		{5BCC9564-320F-42EB-ABF7-CE8228DA3DF1}.Debug|Any CPU.ActiveCfg = Debug|Any CPU
		{5BCC9564-320F-42EB-ABF7-CE8228DA3DF1}.Debug|Any CPU.Build.0 = Debug|Any CPU
		{5BCC9564-320F-42EB-ABF7-CE8228DA3DF1}.Release|Any CPU.ActiveCfg = Release|Any CPU
		{5BCC9564-320F-42EB-ABF7-CE8228DA3DF1}.Release|Any CPU.Build.0 = Release|Any CPU
	EndGlobalSection
EndGlobal
