
Microsoft Visual Studio Solution File, Format Version 12.00
Project("{FAE04EC0-301F-11D3-BF4B-00C04F79EFBC}") = "Preloader", "Preloader\Preloader.csproj", "{02BF91F3-62FC-4906-BE60-AF222C1B6CED}"
EndProject
Project("{FAE04EC0-301F-11D3-BF4B-00C04F79EFBC}") = "PreloadBaseline", "PreloadBaseline\PreloadBaseline.csproj", "{F5082FE8-938D-47E9-A695-E88B1414B236}"
EndProject
Project("{FAE04EC0-301F-11D3-BF4B-00C04F79EFBC}") = "Benchmarks", "Benchmarks\Benchmarks.csproj", "{EC0CF4D9-CB9A-486F-AC4E-F9406125896B}"
EndProject
Project("{FAE04EC0-301F-11D3-BF4B-00C04F79EFBC}") = "Version1", "Version1\Version1.csproj", "{1C03E814-9E82-4650-83D5-F58E0700ED1A}"
EndProject
Project("{FAE04EC0-301F-11D3-BF4B-00C04F79EFBC}") = "CreateGnomadVersion1", "CreateGnomadVersion1\CreateGnomadVersion1.csproj", "{5BCC9564-320F-42EB-ABF7-CE8228DA3DF1}"
EndProject
Project("{FAE04EC0-301F-11D3-BF4B-00C04F79EFBC}") = "Compression", "Compression\Compression.csproj", "{4A4E7974-3F3C-4410-8AD8-5AA922651BAA}"
EndProject
Project("{FAE04EC0-301F-11D3-BF4B-00C04F79EFBC}") = "PreloadVersion1", "PreloadVersion1\PreloadVersion1.csproj", "{FDEBE8D9-DCE2-4C83-93C2-93AC6D45C1B6}"
EndProject
Project("{FAE04EC0-301F-11D3-BF4B-00C04F79EFBC}") = "Version2", "Version2\Version2.csproj", "{7FD0A954-5DF5-4337-A36F-5B1E36E94238}"
EndProject
Project("{FAE04EC0-301F-11D3-BF4B-00C04F79EFBC}") = "CreateGnomadVersion2", "CreateGnomadVersion2\CreateGnomadVersion2.csproj", "{A50580CE-55C9-4498-B22E-EB905C237FB7}"
EndProject
Project("{FAE04EC0-301F-11D3-BF4B-00C04F79EFBC}") = "PreloadVersion2", "PreloadVersion2\PreloadVersion2.csproj", "{5A962F5A-6334-4D6C-853C-3776AC2EBA85}"
EndProject
Project("{FAE04EC0-301F-11D3-BF4B-00C04F79EFBC}") = "VariantGrouping", "VariantGrouping\VariantGrouping.csproj", "{C5D62B10-FEE1-4AF2-9827-645E1F294B70}"
EndProject
Project("{FAE04EC0-301F-11D3-BF4B-00C04F79EFBC}") = "NirvanaCommon", "NirvanaCommon\NirvanaCommon.csproj", "{2CB49978-9DF7-401D-8559-95E1672A4782}"
EndProject
Project("{FAE04EC0-301F-11D3-BF4B-00C04F79EFBC}") = "Version3", "Version3\Version3.csproj", "{F505D33A-3992-4547-A6EF-CDE36AAE64AD}"
EndProject
Project("{FAE04EC0-301F-11D3-BF4B-00C04F79EFBC}") = "PreloadVersion3", "PreloadVersion3\PreloadVersion3.csproj", "{4FE20E66-9FCE-45A5-8E26-EA46C949BABA}"
EndProject
Project("{FAE04EC0-301F-11D3-BF4B-00C04F79EFBC}") = "CreateGnomadVersion3", "CreateGnomadVersion3\CreateGnomadVersion3.csproj", "{91C1F678-E91E-41E5-85BC-DC7301F88A13}"
EndProject
Project("{FAE04EC0-301F-11D3-BF4B-00C04F79EFBC}") = "Version4", "Version4\Version4.csproj", "{BBABFCE7-C721-4E60-BF96-4B9FBA8DCDB5}"
EndProject
Project("{FAE04EC0-301F-11D3-BF4B-00C04F79EFBC}") = "PreloadVersion4", "PreloadVersion4\PreloadVersion4.csproj", "{D138546D-4973-4EDB-9534-FC5F53875C3A}"
EndProject
Project("{FAE04EC0-301F-11D3-BF4B-00C04F79EFBC}") = "CreateGnomadVersion4", "CreateGnomadVersion4\CreateGnomadVersion4.csproj", "{FDAC6F14-FAD9-46B9-881A-AEABE802717B}"
EndProject
Project("{FAE04EC0-301F-11D3-BF4B-00C04F79EFBC}") = "UnitTests", "UnitTests\UnitTests.csproj", "{45245C1B-AC0A-426C-8559-5673713D35F7}"
EndProject
Project("{FAE04EC0-301F-11D3-BF4B-00C04F79EFBC}") = "Version5", "Version5\Version5.csproj", "{C1664B7D-51F0-4A2F-B2AB-0200E80A231F}"
EndProject
Project("{FAE04EC0-301F-11D3-BF4B-00C04F79EFBC}") = "CreateGnomadVersion5", "CreateGnomadVersion5\CreateGnomadVersion5.csproj", "{A6A969F7-5E9A-4B7B-AE9D-54148A0E58FC}"
EndProject
Project("{FAE04EC0-301F-11D3-BF4B-00C04F79EFBC}") = "PreloadVersion5", "PreloadVersion5\PreloadVersion5.csproj", "{380C0967-D402-477C-B085-5EC903427C93}"
EndProject
Project("{FAE04EC0-301F-11D3-BF4B-00C04F79EFBC}") = "Version6", "Version6\Version6.csproj", "{AFFF2798-C2D5-408D-8920-AC048379A876}"
EndProject
Project("{FAE04EC0-301F-11D3-BF4B-00C04F79EFBC}") = "CreateGnomadVersion6", "CreateGnomadVersion6\CreateGnomadVersion6.csproj", "{BB3ADF0D-8480-4F10-AA98-750915DD03A5}"
EndProject
Project("{FAE04EC0-301F-11D3-BF4B-00C04F79EFBC}") = "PreloadVersion6", "PreloadVersion6\PreloadVersion6.csproj", "{F3E1B9F1-9259-4114-A380-757D3D2D8BF1}"
EndProject
Project("{FAE04EC0-301F-11D3-BF4B-00C04F79EFBC}") = "Version7", "Version7\Version7.csproj", "{D922AF95-7E85-4CFC-9D40-6AD9F7320E08}"
EndProject
Project("{FAE04EC0-301F-11D3-BF4B-00C04F79EFBC}") = "CreateGnomadVersion7", "CreateGnomadVersion7\CreateGnomadVersion7.csproj", "{DD67C371-6AB6-482A-A0A9-127DED43F603}"
EndProject
Project("{FAE04EC0-301F-11D3-BF4B-00C04F79EFBC}") = "PreloadVersion7", "PreloadVersion7\PreloadVersion7.csproj", "{3FBC87D5-1471-4EDD-81F6-4C86B9FAE03A}"
EndProject
Project("{FAE04EC0-301F-11D3-BF4B-00C04F79EFBC}") = "Version8", "Version8\Version8.csproj", "{E7BA812C-134C-4CC7-9364-BD28BC31C389}"
EndProject
Project("{FAE04EC0-301F-11D3-BF4B-00C04F79EFBC}") = "PreloadVersion8", "PreloadVersion8\PreloadVersion8.csproj", "{073B59F6-D81D-4E61-B6C7-D233F4646884}"
EndProject
Project("{FAE04EC0-301F-11D3-BF4B-00C04F79EFBC}") = "CreateDbSnpVersion8", "CreateDbSnpVersion8\CreateDbSnpVersion8.csproj", "{0B953D9B-A9B5-4856-8F8E-33B070511EC0}"
EndProject
Global
	GlobalSection(SolutionConfigurationPlatforms) = preSolution
		Debug|Any CPU = Debug|Any CPU
		Release|Any CPU = Release|Any CPU
	EndGlobalSection
	GlobalSection(ProjectConfigurationPlatforms) = postSolution
		{02BF91F3-62FC-4906-BE60-AF222C1B6CED}.Debug|Any CPU.ActiveCfg = Debug|Any CPU
		{02BF91F3-62FC-4906-BE60-AF222C1B6CED}.Debug|Any CPU.Build.0 = Debug|Any CPU
		{02BF91F3-62FC-4906-BE60-AF222C1B6CED}.Release|Any CPU.ActiveCfg = Release|Any CPU
		{02BF91F3-62FC-4906-BE60-AF222C1B6CED}.Release|Any CPU.Build.0 = Release|Any CPU
		{F5082FE8-938D-47E9-A695-E88B1414B236}.Debug|Any CPU.ActiveCfg = Debug|Any CPU
		{F5082FE8-938D-47E9-A695-E88B1414B236}.Debug|Any CPU.Build.0 = Debug|Any CPU
		{F5082FE8-938D-47E9-A695-E88B1414B236}.Release|Any CPU.ActiveCfg = Release|Any CPU
		{F5082FE8-938D-47E9-A695-E88B1414B236}.Release|Any CPU.Build.0 = Release|Any CPU
		{EC0CF4D9-CB9A-486F-AC4E-F9406125896B}.Debug|Any CPU.ActiveCfg = Debug|Any CPU
		{EC0CF4D9-CB9A-486F-AC4E-F9406125896B}.Debug|Any CPU.Build.0 = Debug|Any CPU
		{EC0CF4D9-CB9A-486F-AC4E-F9406125896B}.Release|Any CPU.ActiveCfg = Release|Any CPU
		{EC0CF4D9-CB9A-486F-AC4E-F9406125896B}.Release|Any CPU.Build.0 = Release|Any CPU
		{1C03E814-9E82-4650-83D5-F58E0700ED1A}.Debug|Any CPU.ActiveCfg = Debug|Any CPU
		{1C03E814-9E82-4650-83D5-F58E0700ED1A}.Debug|Any CPU.Build.0 = Debug|Any CPU
		{1C03E814-9E82-4650-83D5-F58E0700ED1A}.Release|Any CPU.ActiveCfg = Release|Any CPU
		{1C03E814-9E82-4650-83D5-F58E0700ED1A}.Release|Any CPU.Build.0 = Release|Any CPU
		{5BCC9564-320F-42EB-ABF7-CE8228DA3DF1}.Debug|Any CPU.ActiveCfg = Debug|Any CPU
		{5BCC9564-320F-42EB-ABF7-CE8228DA3DF1}.Debug|Any CPU.Build.0 = Debug|Any CPU
		{5BCC9564-320F-42EB-ABF7-CE8228DA3DF1}.Release|Any CPU.ActiveCfg = Release|Any CPU
		{5BCC9564-320F-42EB-ABF7-CE8228DA3DF1}.Release|Any CPU.Build.0 = Release|Any CPU
		{4A4E7974-3F3C-4410-8AD8-5AA922651BAA}.Debug|Any CPU.ActiveCfg = Debug|Any CPU
		{4A4E7974-3F3C-4410-8AD8-5AA922651BAA}.Debug|Any CPU.Build.0 = Debug|Any CPU
		{4A4E7974-3F3C-4410-8AD8-5AA922651BAA}.Release|Any CPU.ActiveCfg = Release|Any CPU
		{4A4E7974-3F3C-4410-8AD8-5AA922651BAA}.Release|Any CPU.Build.0 = Release|Any CPU
		{FDEBE8D9-DCE2-4C83-93C2-93AC6D45C1B6}.Debug|Any CPU.ActiveCfg = Debug|Any CPU
		{FDEBE8D9-DCE2-4C83-93C2-93AC6D45C1B6}.Debug|Any CPU.Build.0 = Debug|Any CPU
		{FDEBE8D9-DCE2-4C83-93C2-93AC6D45C1B6}.Release|Any CPU.ActiveCfg = Release|Any CPU
		{FDEBE8D9-DCE2-4C83-93C2-93AC6D45C1B6}.Release|Any CPU.Build.0 = Release|Any CPU
		{7FD0A954-5DF5-4337-A36F-5B1E36E94238}.Debug|Any CPU.ActiveCfg = Debug|Any CPU
		{7FD0A954-5DF5-4337-A36F-5B1E36E94238}.Debug|Any CPU.Build.0 = Debug|Any CPU
		{7FD0A954-5DF5-4337-A36F-5B1E36E94238}.Release|Any CPU.ActiveCfg = Release|Any CPU
		{7FD0A954-5DF5-4337-A36F-5B1E36E94238}.Release|Any CPU.Build.0 = Release|Any CPU
		{A50580CE-55C9-4498-B22E-EB905C237FB7}.Debug|Any CPU.ActiveCfg = Debug|Any CPU
		{A50580CE-55C9-4498-B22E-EB905C237FB7}.Debug|Any CPU.Build.0 = Debug|Any CPU
		{A50580CE-55C9-4498-B22E-EB905C237FB7}.Release|Any CPU.ActiveCfg = Release|Any CPU
		{A50580CE-55C9-4498-B22E-EB905C237FB7}.Release|Any CPU.Build.0 = Release|Any CPU
		{5A962F5A-6334-4D6C-853C-3776AC2EBA85}.Debug|Any CPU.ActiveCfg = Debug|Any CPU
		{5A962F5A-6334-4D6C-853C-3776AC2EBA85}.Debug|Any CPU.Build.0 = Debug|Any CPU
		{5A962F5A-6334-4D6C-853C-3776AC2EBA85}.Release|Any CPU.ActiveCfg = Release|Any CPU
		{5A962F5A-6334-4D6C-853C-3776AC2EBA85}.Release|Any CPU.Build.0 = Release|Any CPU
		{C5D62B10-FEE1-4AF2-9827-645E1F294B70}.Debug|Any CPU.ActiveCfg = Debug|Any CPU
		{C5D62B10-FEE1-4AF2-9827-645E1F294B70}.Debug|Any CPU.Build.0 = Debug|Any CPU
		{C5D62B10-FEE1-4AF2-9827-645E1F294B70}.Release|Any CPU.ActiveCfg = Release|Any CPU
		{C5D62B10-FEE1-4AF2-9827-645E1F294B70}.Release|Any CPU.Build.0 = Release|Any CPU
		{2CB49978-9DF7-401D-8559-95E1672A4782}.Debug|Any CPU.ActiveCfg = Debug|Any CPU
		{2CB49978-9DF7-401D-8559-95E1672A4782}.Debug|Any CPU.Build.0 = Debug|Any CPU
		{2CB49978-9DF7-401D-8559-95E1672A4782}.Release|Any CPU.ActiveCfg = Release|Any CPU
		{2CB49978-9DF7-401D-8559-95E1672A4782}.Release|Any CPU.Build.0 = Release|Any CPU
		{F505D33A-3992-4547-A6EF-CDE36AAE64AD}.Debug|Any CPU.ActiveCfg = Debug|Any CPU
		{F505D33A-3992-4547-A6EF-CDE36AAE64AD}.Debug|Any CPU.Build.0 = Debug|Any CPU
		{F505D33A-3992-4547-A6EF-CDE36AAE64AD}.Release|Any CPU.ActiveCfg = Release|Any CPU
		{F505D33A-3992-4547-A6EF-CDE36AAE64AD}.Release|Any CPU.Build.0 = Release|Any CPU
		{4FE20E66-9FCE-45A5-8E26-EA46C949BABA}.Debug|Any CPU.ActiveCfg = Debug|Any CPU
		{4FE20E66-9FCE-45A5-8E26-EA46C949BABA}.Debug|Any CPU.Build.0 = Debug|Any CPU
		{4FE20E66-9FCE-45A5-8E26-EA46C949BABA}.Release|Any CPU.ActiveCfg = Release|Any CPU
		{4FE20E66-9FCE-45A5-8E26-EA46C949BABA}.Release|Any CPU.Build.0 = Release|Any CPU
		{91C1F678-E91E-41E5-85BC-DC7301F88A13}.Debug|Any CPU.ActiveCfg = Debug|Any CPU
		{91C1F678-E91E-41E5-85BC-DC7301F88A13}.Debug|Any CPU.Build.0 = Debug|Any CPU
		{91C1F678-E91E-41E5-85BC-DC7301F88A13}.Release|Any CPU.ActiveCfg = Release|Any CPU
		{91C1F678-E91E-41E5-85BC-DC7301F88A13}.Release|Any CPU.Build.0 = Release|Any CPU
		{BBABFCE7-C721-4E60-BF96-4B9FBA8DCDB5}.Debug|Any CPU.ActiveCfg = Debug|Any CPU
		{BBABFCE7-C721-4E60-BF96-4B9FBA8DCDB5}.Debug|Any CPU.Build.0 = Debug|Any CPU
		{BBABFCE7-C721-4E60-BF96-4B9FBA8DCDB5}.Release|Any CPU.ActiveCfg = Release|Any CPU
		{BBABFCE7-C721-4E60-BF96-4B9FBA8DCDB5}.Release|Any CPU.Build.0 = Release|Any CPU
		{D138546D-4973-4EDB-9534-FC5F53875C3A}.Debug|Any CPU.ActiveCfg = Debug|Any CPU
		{D138546D-4973-4EDB-9534-FC5F53875C3A}.Debug|Any CPU.Build.0 = Debug|Any CPU
		{D138546D-4973-4EDB-9534-FC5F53875C3A}.Release|Any CPU.ActiveCfg = Release|Any CPU
		{D138546D-4973-4EDB-9534-FC5F53875C3A}.Release|Any CPU.Build.0 = Release|Any CPU
		{FDAC6F14-FAD9-46B9-881A-AEABE802717B}.Debug|Any CPU.ActiveCfg = Debug|Any CPU
		{FDAC6F14-FAD9-46B9-881A-AEABE802717B}.Debug|Any CPU.Build.0 = Debug|Any CPU
		{FDAC6F14-FAD9-46B9-881A-AEABE802717B}.Release|Any CPU.ActiveCfg = Release|Any CPU
		{FDAC6F14-FAD9-46B9-881A-AEABE802717B}.Release|Any CPU.Build.0 = Release|Any CPU
		{45245C1B-AC0A-426C-8559-5673713D35F7}.Debug|Any CPU.ActiveCfg = Debug|Any CPU
		{45245C1B-AC0A-426C-8559-5673713D35F7}.Debug|Any CPU.Build.0 = Debug|Any CPU
		{45245C1B-AC0A-426C-8559-5673713D35F7}.Release|Any CPU.ActiveCfg = Release|Any CPU
		{45245C1B-AC0A-426C-8559-5673713D35F7}.Release|Any CPU.Build.0 = Release|Any CPU
		{C1664B7D-51F0-4A2F-B2AB-0200E80A231F}.Debug|Any CPU.ActiveCfg = Debug|Any CPU
		{C1664B7D-51F0-4A2F-B2AB-0200E80A231F}.Debug|Any CPU.Build.0 = Debug|Any CPU
		{C1664B7D-51F0-4A2F-B2AB-0200E80A231F}.Release|Any CPU.ActiveCfg = Release|Any CPU
		{C1664B7D-51F0-4A2F-B2AB-0200E80A231F}.Release|Any CPU.Build.0 = Release|Any CPU
		{A6A969F7-5E9A-4B7B-AE9D-54148A0E58FC}.Debug|Any CPU.ActiveCfg = Debug|Any CPU
		{A6A969F7-5E9A-4B7B-AE9D-54148A0E58FC}.Debug|Any CPU.Build.0 = Debug|Any CPU
		{A6A969F7-5E9A-4B7B-AE9D-54148A0E58FC}.Release|Any CPU.ActiveCfg = Release|Any CPU
		{A6A969F7-5E9A-4B7B-AE9D-54148A0E58FC}.Release|Any CPU.Build.0 = Release|Any CPU
		{380C0967-D402-477C-B085-5EC903427C93}.Debug|Any CPU.ActiveCfg = Debug|Any CPU
		{380C0967-D402-477C-B085-5EC903427C93}.Debug|Any CPU.Build.0 = Debug|Any CPU
		{380C0967-D402-477C-B085-5EC903427C93}.Release|Any CPU.ActiveCfg = Release|Any CPU
		{380C0967-D402-477C-B085-5EC903427C93}.Release|Any CPU.Build.0 = Release|Any CPU
		{AFFF2798-C2D5-408D-8920-AC048379A876}.Debug|Any CPU.ActiveCfg = Debug|Any CPU
		{AFFF2798-C2D5-408D-8920-AC048379A876}.Debug|Any CPU.Build.0 = Debug|Any CPU
		{AFFF2798-C2D5-408D-8920-AC048379A876}.Release|Any CPU.ActiveCfg = Release|Any CPU
		{AFFF2798-C2D5-408D-8920-AC048379A876}.Release|Any CPU.Build.0 = Release|Any CPU
		{BB3ADF0D-8480-4F10-AA98-750915DD03A5}.Debug|Any CPU.ActiveCfg = Debug|Any CPU
		{BB3ADF0D-8480-4F10-AA98-750915DD03A5}.Debug|Any CPU.Build.0 = Debug|Any CPU
		{BB3ADF0D-8480-4F10-AA98-750915DD03A5}.Release|Any CPU.ActiveCfg = Release|Any CPU
		{BB3ADF0D-8480-4F10-AA98-750915DD03A5}.Release|Any CPU.Build.0 = Release|Any CPU
		{F3E1B9F1-9259-4114-A380-757D3D2D8BF1}.Debug|Any CPU.ActiveCfg = Debug|Any CPU
		{F3E1B9F1-9259-4114-A380-757D3D2D8BF1}.Debug|Any CPU.Build.0 = Debug|Any CPU
		{F3E1B9F1-9259-4114-A380-757D3D2D8BF1}.Release|Any CPU.ActiveCfg = Release|Any CPU
		{F3E1B9F1-9259-4114-A380-757D3D2D8BF1}.Release|Any CPU.Build.0 = Release|Any CPU
		{D922AF95-7E85-4CFC-9D40-6AD9F7320E08}.Debug|Any CPU.ActiveCfg = Debug|Any CPU
		{D922AF95-7E85-4CFC-9D40-6AD9F7320E08}.Debug|Any CPU.Build.0 = Debug|Any CPU
		{D922AF95-7E85-4CFC-9D40-6AD9F7320E08}.Release|Any CPU.ActiveCfg = Release|Any CPU
		{D922AF95-7E85-4CFC-9D40-6AD9F7320E08}.Release|Any CPU.Build.0 = Release|Any CPU
		{DD67C371-6AB6-482A-A0A9-127DED43F603}.Debug|Any CPU.ActiveCfg = Debug|Any CPU
		{DD67C371-6AB6-482A-A0A9-127DED43F603}.Debug|Any CPU.Build.0 = Debug|Any CPU
		{DD67C371-6AB6-482A-A0A9-127DED43F603}.Release|Any CPU.ActiveCfg = Release|Any CPU
		{DD67C371-6AB6-482A-A0A9-127DED43F603}.Release|Any CPU.Build.0 = Release|Any CPU
		{3FBC87D5-1471-4EDD-81F6-4C86B9FAE03A}.Debug|Any CPU.ActiveCfg = Debug|Any CPU
		{3FBC87D5-1471-4EDD-81F6-4C86B9FAE03A}.Debug|Any CPU.Build.0 = Debug|Any CPU
		{3FBC87D5-1471-4EDD-81F6-4C86B9FAE03A}.Release|Any CPU.ActiveCfg = Release|Any CPU
		{3FBC87D5-1471-4EDD-81F6-4C86B9FAE03A}.Release|Any CPU.Build.0 = Release|Any CPU
		{E7BA812C-134C-4CC7-9364-BD28BC31C389}.Debug|Any CPU.ActiveCfg = Debug|Any CPU
		{E7BA812C-134C-4CC7-9364-BD28BC31C389}.Debug|Any CPU.Build.0 = Debug|Any CPU
		{E7BA812C-134C-4CC7-9364-BD28BC31C389}.Release|Any CPU.ActiveCfg = Release|Any CPU
		{E7BA812C-134C-4CC7-9364-BD28BC31C389}.Release|Any CPU.Build.0 = Release|Any CPU
		{073B59F6-D81D-4E61-B6C7-D233F4646884}.Debug|Any CPU.ActiveCfg = Debug|Any CPU
		{073B59F6-D81D-4E61-B6C7-D233F4646884}.Debug|Any CPU.Build.0 = Debug|Any CPU
		{073B59F6-D81D-4E61-B6C7-D233F4646884}.Release|Any CPU.ActiveCfg = Release|Any CPU
		{073B59F6-D81D-4E61-B6C7-D233F4646884}.Release|Any CPU.Build.0 = Release|Any CPU
		{0B953D9B-A9B5-4856-8F8E-33B070511EC0}.Debug|Any CPU.ActiveCfg = Debug|Any CPU
		{0B953D9B-A9B5-4856-8F8E-33B070511EC0}.Debug|Any CPU.Build.0 = Debug|Any CPU
		{0B953D9B-A9B5-4856-8F8E-33B070511EC0}.Release|Any CPU.ActiveCfg = Release|Any CPU
		{0B953D9B-A9B5-4856-8F8E-33B070511EC0}.Release|Any CPU.Build.0 = Release|Any CPU
	EndGlobalSection
EndGlobal
